<?xml version="1.0" encoding="UTF-8" standalone="yes" ?>
<CodeBlocks_project_file>
	<FileVersion major="1" minor="6" />
	<Project>
		<Option title="PEMSys" />
		<Option pch_mode="2" />
		<Option compiler="gcc" />
		<Build>
			<Target title="Debug Win32">
				<Option output="PEMSys" prefix_auto="1" extension_auto="1" />
				<Option object_output="Debug" />
				<Option type="0" />
				<Option compiler="gcc" />
				<Compiler>
					<Add option="-DWIN32" />
					<Add option="-D_WINDOWS" />
					<Add option="-D_DEBUG" />
					<Add option="-W" />
					<Add option="-g" />
					<Add option="-O0" />
				</Compiler>
				<ExtraCommands>
					<Add after=" /RegServer" />
				</ExtraCommands>
			</Target>
			<Target title="Release Win32">
				<Option output="Release\PEMSys" prefix_auto="1" extension_auto="1" />
				<Option object_output="Release" />
				<Option type="0" />
				<Option compiler="gcc" />
				<Compiler>
					<Add option="-DWIN32" />
					<Add option="-D_WINDOWS" />
					<Add option="-DNDEBUG" />
					<Add option="-W" />
				</Compiler>
				<ExtraCommands>
					<Add after="Release\ /RegServer" />
				</ExtraCommands>
			</Target>
		</Build>
		<Unit filename="AlphaCtrl.cpp" />
		<Unit filename="AlphaCtrl.h" />
		<Unit filename="ChildFrm.cpp" />
		<Unit filename="ChildFrm.h" />
		<Unit filename="CommerceDeliveryPage.cpp" />
		<Unit filename="CommerceDeliveryPage.h" />
		<Unit filename="CommerceFollowupPage.cpp" />
		<Unit filename="CommerceFollowupPage.h" />
		<Unit filename="CommercePaymentPage.cpp" />
		<Unit filename="CommercePaymentPage.h" />
		<Unit filename="CommercePricePage.cpp" />
		<Unit filename="CommercePricePage.h" />
		<Unit filename="CommerceProductionPage.cpp" />
		<Unit filename="CommerceProductionPage.h" />
		<Unit filename="Crypt.cpp" />
		<Unit filename="Crypt.h" />
		<Unit filename="DataSameCopyDlg.cpp" />
		<Unit filename="DataSameCopyDlg.h" />
		<Unit filename="DisplayConfigureDlg.cpp" />
		<Unit filename="DisplayConfigureDlg.h" />
		<Unit filename="ExcelPathDlg.cpp" />
		<Unit filename="ExcelPathDlg.h" />
		<Unit filename="ExcelType\excel9.cpp" />
		<Unit filename="ExcelType\excel9.h" />
		<Unit filename="Gfxgroupedit.cpp" />
		<Unit filename="Gfxgroupedit.h" />
		<Unit filename="Gfxoutbarctrl.cpp" />
		<Unit filename="Gfxoutbarctrl.h" />
		<Unit filename="Gfxpopupmenu.cpp" />
		<Unit filename="Gfxpopupmenu.h" />
		<Unit filename="GridCtrl\CellRange.h" />
		<Unit filename="GridCtrl\GridCell.cpp" />
		<Unit filename="GridCtrl\GridCell.h" />
		<Unit filename="GridCtrl\GridCellBase.cpp" />
		<Unit filename="GridCtrl\GridCellBase.h" />
		<Unit filename="GridCtrl\GridCtrl.cpp" />
		<Unit filename="GridCtrl\GridCtrl.h" />
		<Unit filename="GridCtrl\GridDropTarget.cpp" />
		<Unit filename="GridCtrl\GridDropTarget.h" />
		<Unit filename="GridCtrl\InPlaceEdit.cpp" />
		<Unit filename="GridCtrl\InPlaceEdit.h" />
		<Unit filename="GridCtrl\MemDC.h" />
		<Unit filename="GridCtrl\TitleTip.cpp" />
		<Unit filename="GridCtrl\TitleTip.h" />
		<Unit filename="GtBase.urf" />
		<Unit filename="Gtclassic.urf" />
		<Unit filename="HyperLink.cpp" />
		<Unit filename="HyperLink.h" />
		<Unit filename="ItemBasicDataPage.cpp" />
		<Unit filename="ItemBasicDataPage.h" />
		<Unit filename="ItemCarPage.cpp" />
		<Unit filename="ItemCarPage.h" />
		<Unit filename="ItemCommerceDlg.cpp" />
		<Unit filename="ItemCommerceDlg.h" />
		<Unit filename="ItemCommerceSearchView.cpp" />
		<Unit filename="ItemCommerceSearchView.h" />
		<Unit filename="ItemDataInputView.cpp" />
		<Unit filename="ItemDataInputView.h" />
		<Unit filename="ItemElectricPage.cpp" />
		<Unit filename="ItemElectricPage.h" />
		<Unit filename="ItemExcelView.cpp" />
		<Unit filename="ItemExcelView.h" />
		<Unit filename="ItemFunctionDlg.cpp" />
		<Unit filename="ItemFunctionDlg.h" />
		<Unit filename="ItemInExportView.cpp" />
		<Unit filename="ItemInExportView.h" />
		<Unit filename="ItemListDlg.htm" />
		<Unit filename="ItemPartsPage.cpp" />
		<Unit filename="ItemPartsPage.h" />
		<Unit filename="ItemSearchOutOrderDlg.cpp" />
		<Unit filename="ItemSearchOutOrderDlg.h" />
		<Unit filename="ItemShaftPage.cpp" />
		<Unit filename="ItemShaftPage.h" />
		<Unit filename="ItemUpholsterPage.cpp" />
		<Unit filename="ItemUpholsterPage.h" />
		<Unit filename="ItemView.cpp" />
		<Unit filename="ItemView.h" />
		<Unit filename="LoginDialog.cpp" />
		<Unit filename="LoginDialog.h" />
		<Unit filename="MainFrm.cpp" />
		<Unit filename="MainFrm.h" />
		<Unit filename="MyPropertySheet.cpp" />
		<Unit filename="MyPropertySheet.h" />
		<Unit filename="NewCellTypes\GridCellCheck.cpp" />
		<Unit filename="NewCellTypes\GridCellCheck.h" />
		<Unit filename="NewCellTypes\GridCellCombo.cpp" />
		<Unit filename="NewCellTypes\GridCellCombo.h" />
		<Unit filename="NewCellTypes\GridCellDateTime.cpp" />
		<Unit filename="NewCellTypes\GridCellDateTime.h" />
		<Unit filename="NewCellTypes\GridCellNumeric.cpp" />
		<Unit filename="NewCellTypes\GridCellNumeric.h" />
		<Unit filename="NewCellTypes\GridURLCell.cpp" />
		<Unit filename="NewCellTypes\GridURLCell.h" />
		<Unit filename="NewClientWnd.cpp" />
		<Unit filename="NewClientWnd.h" />
		<Unit filename="NewDocument.cpp" />
		<Unit filename="NewDocument.h" />
		<Unit filename="OrderIDDlg.cpp" />
		<Unit filename="OrderIDDlg.h" />
		<Unit filename="PEMSys.cpp" />
		<Unit filename="PEMSys.h" />
		<Unit filename="PEMSys.idl" />
		<Unit filename="PEMSys.rc">
			<Option compilerVar="WINDRES" />
		</Unit>
		<Unit filename="PEMSys.reg" />
		<Unit filename="PEMSys.rgs" />
		<Unit filename="PEMSysDoc.cpp" />
		<Unit filename="PEMSysDoc.h" />
		<Unit filename="PEMSysHeader.h" />
		<Unit filename="PEMSysView.cpp" />
		<Unit filename="PEMSysView.h" />
		<Unit filename="ReadMe.txt" />
		<Unit filename="RegisterDlg.cpp" />
		<Unit filename="RegisterDlg.h" />
		<Unit filename="ResetPaswdDialog.cpp" />
		<Unit filename="ResetPaswdDialog.h" />
		<Unit filename="ResetPaswdDialog.htm" />
		<Unit filename="Resource.h" />
		<Unit filename="SearchPopItemDlg.cpp" />
		<Unit filename="SearchPopItemDlg.h" />
		<Unit filename="SearchPopOrderIDDlg.cpp" />
		<Unit filename="SearchPopOrderIDDlg.h" />
		<Unit filename="SkinDialog.htm" />
		<Unit filename="SplashWnd.cpp" />
		<Unit filename="SplashWnd.h" />
		<Unit filename="SysConfig.cpp" />
		<Unit filename="SysConfig.h" />
		<Unit filename="SysTipDlg.cpp" />
		<Unit filename="SysTipDlg.h" />
		<Unit filename="appface.dll" />
		<Unit filename="appface.lib" />
		<Unit filename="bluepinna.urf" />
		<Unit filename="excel\CSpreadSheet.h" />
		<Unit filename="hlp\Images\Bullet.gif" />
		<Unit filename="hlp\PEMSys.hhc" />
		<Unit filename="hlp\PEMSys.hhk" />
		<Unit filename="hlp\PEMSys.hhp" />
		<Unit filename="hlp\afx_hidd_color.htm" />
		<Unit filename="hlp\afx_hidd_fileopen.htm" />
		<Unit filename="hlp\afx_hidd_filesave.htm" />
		<Unit filename="hlp\afx_hidd_find.htm" />
		<Unit filename="hlp\afx_hidd_font.htm" />
		<Unit filename="hlp\afx_hidd_newtypedlg.htm" />
		<Unit filename="hlp\afx_hidd_replace.htm" />
		<Unit filename="hlp\afx_hidp_default.htm" />
		<Unit filename="hlp\afx_hidw_dockbar_top.htm" />
		<Unit filename="hlp\afx_hidw_status_bar.htm" />
		<Unit filename="hlp\afx_hidw_toolbar.htm" />
		<Unit filename="hlp\hid_app_about.htm" />
		<Unit filename="hlp\hid_app_exit.htm" />
		<Unit filename="hlp\hid_context_help.htm" />
		<Unit filename="hlp\hid_edit_clear.htm" />
		<Unit filename="hlp\hid_edit_clear_all.htm" />
		<Unit filename="hlp\hid_edit_copy.htm" />
		<Unit filename="hlp\hid_edit_cut.htm" />
		<Unit filename="hlp\hid_edit_find.htm" />
		<Unit filename="hlp\hid_edit_paste.htm" />
		<Unit filename="hlp\hid_edit_redo.htm" />
		<Unit filename="hlp\hid_edit_repeat.htm" />
		<Unit filename="hlp\hid_edit_replace.htm" />
		<Unit filename="hlp\hid_edit_undo.htm" />
		<Unit filename="hlp\hid_file_close.htm" />
		<Unit filename="hlp\hid_file_mru_file1.htm" />
		<Unit filename="hlp\hid_file_new.htm" />
		<Unit filename="hlp\hid_file_open.htm" />
		<Unit filename="hlp\hid_file_save.htm" />
		<Unit filename="hlp\hid_file_save_as.htm" />
		<Unit filename="hlp\hid_file_send_mail.htm" />
		<Unit filename="hlp\hid_help_index.htm" />
		<Unit filename="hlp\hid_help_using.htm" />
		<Unit filename="hlp\hid_ht_caption.htm" />
		<Unit filename="hlp\hid_ht_nowhere.htm" />
		<Unit filename="hlp\hid_next_pane.htm" />
		<Unit filename="hlp\hid_prev_pane.htm" />
		<Unit filename="hlp\hid_sc_close.htm" />
		<Unit filename="hlp\hid_sc_maximize.htm" />
		<Unit filename="hlp\hid_sc_minimize.htm" />
		<Unit filename="hlp\hid_sc_move.htm" />
		<Unit filename="hlp\hid_sc_nextwindow.htm" />
		<Unit filename="hlp\hid_sc_prevwindow.htm" />
		<Unit filename="hlp\hid_sc_restore.htm" />
		<Unit filename="hlp\hid_sc_size.htm" />
		<Unit filename="hlp\hid_sc_tasklist.htm" />
		<Unit filename="hlp\hid_view_ruler.htm" />
		<Unit filename="hlp\hid_view_status_bar.htm" />
		<Unit filename="hlp\hid_view_toolbar.htm" />
		<Unit filename="hlp\hid_window_all.htm" />
		<Unit filename="hlp\hid_window_arrange.htm" />
		<Unit filename="hlp\hid_window_cascade.htm" />
		<Unit filename="hlp\hid_window_new.htm" />
		<Unit filename="hlp\hid_window_split.htm" />
		<Unit filename="hlp\hid_window_tile.htm" />
		<Unit filename="hlp\hid_window_tile_horz.htm" />
		<Unit filename="hlp\hid_window_tile_vert.htm" />
		<Unit filename="hlp\hidr_doc1type.htm" />
		<Unit filename="hlp\main_index.htm" />
		<Unit filename="hlp\menu_edit.htm" />
		<Unit filename="hlp\menu_file.htm" />
		<Unit filename="hlp\menu_help.htm" />
		<Unit filename="hlp\menu_view.htm" />
		<Unit filename="hlp\menu_window.htm" />
		<Unit filename="hlp\scrollbars.htm" />
		<Unit filename="pinoutbar\AppFace.h" />
		<Unit filename="pinoutbar\AutoHideBar.cpp" />
		<Unit filename="pinoutbar\AutoHideBar.h" />
		<Unit filename="pinoutbar\DrawFrame.cpp" />
		<Unit filename="pinoutbar\DrawFrame.h" />
		<Unit filename="pinoutbar\PinDockBar.cpp" />
		<Unit filename="pinoutbar\PinDockBar.h" />
		<Unit filename="pinoutbar\mybar.cpp" />
		<Unit filename="pinoutbar\mybar.h" />
		<Unit filename="pinoutbar\scbarcf.cpp" />
		<Unit filename="pinoutbar\scbarcf.h" />
		<Unit filename="pinoutbar\scbarg.cpp" />
		<Unit filename="pinoutbar\scbarg.h" />
		<Unit filename="pinoutbar\sizecbar.cpp" />
		<Unit filename="pinoutbar\sizecbar.h" />
		<Unit filename="res\Dragging.cur" />
		<Unit filename="res\Icr_hand.cur" />
		<Unit filename="res\Item16.bmp" />
		<Unit filename="res\Nodraggi.cur" />
		<Unit filename="res\PEMSys.ico" />
		<Unit filename="res\PEMSys.manifest" />
		<Unit filename="res\PEMSys.rc2" />
		<Unit filename="res\PEMSysDoc.ico" />
		<Unit filename="res\Toolbar.bmp" />
		<Unit filename="res\background.bmp" />
		<Unit filename="res\bitmap1.bmp" />
		<Unit filename="res\bitmap2.bmp" />
		<Unit filename="res\bmp00001.bmp" />
		<Unit filename="res\bmp00002.bmp" />
		<Unit filename="res\bmp00003.bmp" />
		<Unit filename="res\bmp00004.bmp" />
		<Unit filename="res\bmp00005.bmp" />
		<Unit filename="res\ico00001.ico" />
		<Unit filename="res\ico00002.ico" />
		<Unit filename="res\ico00003.ico" />
		<Unit filename="res\ico00004.ico" />
		<Unit filename="res\ico00005.ico" />
		<Unit filename="res\ico00006.ico" />
		<Unit filename="res\ico00007.ico" />
		<Unit filename="res\ico00008.ico" />
		<Unit filename="res\ico00009.ico" />
		<Unit filename="res\ico00010.ico" />
		<Unit filename="res\ico00011.ico" />
		<Unit filename="res\ico00012.ico" />
		<Unit filename="res\ico00013.ico" />
		<Unit filename="res\ico00014.ico" />
		<Unit filename="res\ico00015.ico" />
		<Unit filename="res\ico00016.ico" />
		<Unit filename="res\icon1.ico" />
		<Unit filename="res\icon2.ico" />
		<Unit filename="res\icon3.ico" />
		<Unit filename="res\icon4.ico" />
		<Unit filename="res\image1.GIF" />
		<Unit filename="res\image2.GIF" />
		<Unit filename="res\item32.bmp" />
		<Unit filename="res\splash.bmp" />
		<Unit filename="resource.hm" />
		<Unit filename="sap_af.urf" />
		<Unit filename="stdafx.cpp" />
		<Unit filename="stdafx.h" />
		<Extensions>
			<code_completion />
			<envvars />
			<debugger />
			<lib_finder disable_auto="1" />
		</Extensions>
	</Project>
</CodeBlocks_project_file>
